
Microsoft Visual Studio Solution File, Format Version 12.00
# Visual Studio Version 17
VisualStudioVersion = 17.5.33516.290
MinimumVisualStudioVersion = 10.0.40219.1
Project("{9A19103F-16F7-4668-BE54-9A1E7A4F7556}") = "Contatos", "Contatos\Contatos.csproj", "{AF916F74-3AFB-43AC-A5D3-4AD6058BC270}"
EndProject
Global
	GlobalSection(SolutionConfigurationPlatforms) = preSolution
		Debug|Any CPU = Debug|Any CPU
		Release|Any CPU = Release|Any CPU
	EndGlobalSection
	GlobalSection(ProjectConfigurationPlatforms) = postSolution
		{AF916F74-3AFB-43AC-A5D3-4AD6058BC270}.Debug|Any CPU.ActiveCfg = Debug|Any CPU
		{AF916F74-3AFB-43AC-A5D3-4AD6058BC270}.Debug|Any CPU.Build.0 = Debug|Any CPU
		{AF916F74-3AFB-43AC-A5D3-4AD6058BC270}.Release|Any CPU.ActiveCfg = Release|Any CPU
		{AF916F74-3AFB-43AC-A5D3-4AD6058BC270}.Release|Any CPU.Build.0 = Release|Any CPU
	EndGlobalSection
	GlobalSection(SolutionProperties) = preSolution
		HideSolutionNode = FALSE
	EndGlobalSection
	GlobalSection(ExtensibilityGlobals) = postSolution
		SolutionGuid = {39EBC602-5E20-40F3-B4DA-57EE443758A3}
	EndGlobalSection
EndGlobal
